// !$*UTF8*$!
{
	archiveVersion = 1;
	classes = {
	};
	objectVersion = 56;
	objects = {

/* Begin PBXBuildFile section */
		8912CA6C2BCA7A3C0013B1D2 /* CartTableViewCell.swift in Sources */ = {isa = PBXBuildFile; fileRef = 8912CA6B2BCA7A3C0013B1D2 /* CartTableViewCell.swift */; };
		8912CA722BCAFC720013B1D2 /* ProductListInteractorTests.swift in Sources */ = {isa = PBXBuildFile; fileRef = 8912CA712BCAFC720013B1D2 /* ProductListInteractorTests.swift */; };
		8912CA752BCAFE420013B1D2 /* MockClientAPIManager.swift in Sources */ = {isa = PBXBuildFile; fileRef = 8912CA742BCAFE420013B1D2 /* MockClientAPIManager.swift */; };
		8912CA772BCB01290013B1D2 /* NetworkServices.swift in Sources */ = {isa = PBXBuildFile; fileRef = 8912CA762BCB01290013B1D2 /* NetworkServices.swift */; };
		8912CA7C2BCB053F0013B1D2 /* MockProductList.json in Resources */ = {isa = PBXBuildFile; fileRef = 8912CA7B2BCB053E0013B1D2 /* MockProductList.json */; };
		899014CC2BCBB34E00EE234F /* DatabaseManagerTest.swift in Sources */ = {isa = PBXBuildFile; fileRef = 899014CB2BCBB34E00EE234F /* DatabaseManagerTest.swift */; };
		899014CD2BCBB8CB00EE234F /* ShoppingApp.xcdatamodeld in Sources */ = {isa = PBXBuildFile; fileRef = 8996871B2BBEEC170002F033 /* ShoppingApp.xcdatamodeld */; };
		899014CF2BCC331600EE234F /* ProductListViewPresenterTests.swift in Sources */ = {isa = PBXBuildFile; fileRef = 899014CE2BCC331600EE234F /* ProductListViewPresenterTests.swift */; };
		899687132BBEEC170002F033 /* AppDelegate.swift in Sources */ = {isa = PBXBuildFile; fileRef = 899687122BBEEC170002F033 /* AppDelegate.swift */; };
		899687152BBEEC170002F033 /* SceneDelegate.swift in Sources */ = {isa = PBXBuildFile; fileRef = 899687142BBEEC170002F033 /* SceneDelegate.swift */; };
		8996871A2BBEEC170002F033 /* Main.storyboard in Resources */ = {isa = PBXBuildFile; fileRef = 899687182BBEEC170002F033 /* Main.storyboard */; };
		8996871D2BBEEC170002F033 /* ShoppingApp.xcdatamodeld in Sources */ = {isa = PBXBuildFile; fileRef = 8996871B2BBEEC170002F033 /* ShoppingApp.xcdatamodeld */; };
		8996871F2BBEEC190002F033 /* Assets.xcassets in Resources */ = {isa = PBXBuildFile; fileRef = 8996871E2BBEEC190002F033 /* Assets.xcassets */; };
		899687222BBEEC190002F033 /* LaunchScreen.storyboard in Resources */ = {isa = PBXBuildFile; fileRef = 899687202BBEEC190002F033 /* LaunchScreen.storyboard */; };
		8996872D2BBEEC190002F033 /* ShoppingAppTests.swift in Sources */ = {isa = PBXBuildFile; fileRef = 8996872C2BBEEC190002F033 /* ShoppingAppTests.swift */; };
		899687372BBEEC190002F033 /* ShoppingAppUITests.swift in Sources */ = {isa = PBXBuildFile; fileRef = 899687362BBEEC190002F033 /* ShoppingAppUITests.swift */; };
		899687392BBEEC190002F033 /* ShoppingAppUITestsLaunchTests.swift in Sources */ = {isa = PBXBuildFile; fileRef = 899687382BBEEC190002F033 /* ShoppingAppUITestsLaunchTests.swift */; };
		8996874F2BBF21F90002F033 /* ProductListPresenter.swift in Sources */ = {isa = PBXBuildFile; fileRef = 8996874E2BBF21F90002F033 /* ProductListPresenter.swift */; };
		899687512BBF221D0002F033 /* ProductListInteractor.swift in Sources */ = {isa = PBXBuildFile; fileRef = 899687502BBF221D0002F033 /* ProductListInteractor.swift */; };
		899687532BBF22340002F033 /* ProductListRouter.swift in Sources */ = {isa = PBXBuildFile; fileRef = 899687522BBF22340002F033 /* ProductListRouter.swift */; };
		899687552BBF22490002F033 /* ProductModel.swift in Sources */ = {isa = PBXBuildFile; fileRef = 899687542BBF22490002F033 /* ProductModel.swift */; };
		899687572BBF225E0002F033 /* ProductListProtocol.swift in Sources */ = {isa = PBXBuildFile; fileRef = 899687562BBF225E0002F033 /* ProductListProtocol.swift */; };
		899687592BBF25E50002F033 /* ProductListViewController.swift in Sources */ = {isa = PBXBuildFile; fileRef = 899687582BBF25E50002F033 /* ProductListViewController.swift */; };
		8996875C2BC5815E0002F033 /* ProductDetailsPresenter.swift in Sources */ = {isa = PBXBuildFile; fileRef = 8996875B2BC5815E0002F033 /* ProductDetailsPresenter.swift */; };
		8996875E2BC5817B0002F033 /* ProductDetailsInteractor.swift in Sources */ = {isa = PBXBuildFile; fileRef = 8996875D2BC5817B0002F033 /* ProductDetailsInteractor.swift */; };
		899687602BC581A00002F033 /* ProductDetailsViewController.swift in Sources */ = {isa = PBXBuildFile; fileRef = 8996875F2BC581A00002F033 /* ProductDetailsViewController.swift */; };
		899687622BC581B10002F033 /* ProductDetailsRouter.swift in Sources */ = {isa = PBXBuildFile; fileRef = 899687612BC581B10002F033 /* ProductDetailsRouter.swift */; };
		899687642BC581D70002F033 /* ProductDetailsProtocol.swift in Sources */ = {isa = PBXBuildFile; fileRef = 899687632BC581D70002F033 /* ProductDetailsProtocol.swift */; };
		899687672BC5821D0002F033 /* CartPresenter.swift in Sources */ = {isa = PBXBuildFile; fileRef = 899687662BC5821D0002F033 /* CartPresenter.swift */; };
		899687692BC5824F0002F033 /* CartInteractor.swift in Sources */ = {isa = PBXBuildFile; fileRef = 899687682BC5824F0002F033 /* CartInteractor.swift */; };
		8996876B2BC5825B0002F033 /* CartRouter.swift in Sources */ = {isa = PBXBuildFile; fileRef = 8996876A2BC5825B0002F033 /* CartRouter.swift */; };
		8996876D2BC582830002F033 /* CartProtocol.swift in Sources */ = {isa = PBXBuildFile; fileRef = 8996876C2BC582830002F033 /* CartProtocol.swift */; };
		8996876F2BC582930002F033 /* CartViewController.swift in Sources */ = {isa = PBXBuildFile; fileRef = 8996876E2BC582930002F033 /* CartViewController.swift */; };
		899687742BC595830002F033 /* ClientAPIManager.swift in Sources */ = {isa = PBXBuildFile; fileRef = 899687732BC595830002F033 /* ClientAPIManager.swift */; };
		899687762BC595DA0002F033 /* NetworkManager.swift in Sources */ = {isa = PBXBuildFile; fileRef = 899687752BC595DA0002F033 /* NetworkManager.swift */; };
		899687792BC596D40002F033 /* Constants.swift in Sources */ = {isa = PBXBuildFile; fileRef = 899687782BC596D40002F033 /* Constants.swift */; };
		89B024C22BC5D17C00DFF790 /* ProductListTableViewCell.swift in Sources */ = {isa = PBXBuildFile; fileRef = 89B024C12BC5D17C00DFF790 /* ProductListTableViewCell.swift */; };
		89B024C52BC9623100DFF790 /* ProductImagesCollectionViewCell.swift in Sources */ = {isa = PBXBuildFile; fileRef = 89B024C42BC9623100DFF790 /* ProductImagesCollectionViewCell.swift */; };
		89B024C92BC97ABB00DFF790 /* UIViewExtension.swift in Sources */ = {isa = PBXBuildFile; fileRef = 89B024C82BC97ABB00DFF790 /* UIViewExtension.swift */; };
		89B025152BC996EC00DFF790 /* StorageManager.swift in Sources */ = {isa = PBXBuildFile; fileRef = 89B025112BC996EC00DFF790 /* StorageManager.swift */; };
		89B025162BC996EC00DFF790 /* DatabaseManager.swift in Sources */ = {isa = PBXBuildFile; fileRef = 89B025122BC996EC00DFF790 /* DatabaseManager.swift */; };
		89B025192BC99C6400DFF790 /* UIViewControllerExtension.swift in Sources */ = {isa = PBXBuildFile; fileRef = 89B025182BC99C6400DFF790 /* UIViewControllerExtension.swift */; };
/* End PBXBuildFile section */

/* Begin PBXContainerItemProxy section */
		899687292BBEEC190002F033 /* PBXContainerItemProxy */ = {
			isa = PBXContainerItemProxy;
			containerPortal = 899687072BBEEC170002F033 /* Project object */;
			proxyType = 1;
			remoteGlobalIDString = 8996870E2BBEEC170002F033;
			remoteInfo = ShoppingApp;
		};
		899687332BBEEC190002F033 /* PBXContainerItemProxy */ = {
			isa = PBXContainerItemProxy;
			containerPortal = 899687072BBEEC170002F033 /* Project object */;
			proxyType = 1;
			remoteGlobalIDString = 8996870E2BBEEC170002F033;
			remoteInfo = ShoppingApp;
		};
/* End PBXContainerItemProxy section */

/* Begin PBXFileReference section */
		8912CA6B2BCA7A3C0013B1D2 /* CartTableViewCell.swift */ = {isa = PBXFileReference; lastKnownFileType = sourcecode.swift; path = CartTableViewCell.swift; sourceTree = "<group>"; };
		8912CA712BCAFC720013B1D2 /* ProductListInteractorTests.swift */ = {isa = PBXFileReference; lastKnownFileType = sourcecode.swift; path = ProductListInteractorTests.swift; sourceTree = "<group>"; };
		8912CA742BCAFE420013B1D2 /* MockClientAPIManager.swift */ = {isa = PBXFileReference; lastKnownFileType = sourcecode.swift; path = MockClientAPIManager.swift; sourceTree = "<group>"; };
		8912CA762BCB01290013B1D2 /* NetworkServices.swift */ = {isa = PBXFileReference; lastKnownFileType = sourcecode.swift; path = NetworkServices.swift; sourceTree = "<group>"; };
		8912CA7B2BCB053E0013B1D2 /* MockProductList.json */ = {isa = PBXFileReference; lastKnownFileType = text.json; path = MockProductList.json; sourceTree = "<group>"; };
		899014CB2BCBB34E00EE234F /* DatabaseManagerTest.swift */ = {isa = PBXFileReference; lastKnownFileType = sourcecode.swift; path = DatabaseManagerTest.swift; sourceTree = "<group>"; };
		899014CE2BCC331600EE234F /* ProductListViewPresenterTests.swift */ = {isa = PBXFileReference; lastKnownFileType = sourcecode.swift; path = ProductListViewPresenterTests.swift; sourceTree = "<group>"; };
		8996870F2BBEEC170002F033 /* ShoppingApp.app */ = {isa = PBXFileReference; explicitFileType = wrapper.application; includeInIndex = 0; path = ShoppingApp.app; sourceTree = BUILT_PRODUCTS_DIR; };
		899687122BBEEC170002F033 /* AppDelegate.swift */ = {isa = PBXFileReference; lastKnownFileType = sourcecode.swift; path = AppDelegate.swift; sourceTree = "<group>"; };
		899687142BBEEC170002F033 /* SceneDelegate.swift */ = {isa = PBXFileReference; lastKnownFileType = sourcecode.swift; path = SceneDelegate.swift; sourceTree = "<group>"; };
		899687192BBEEC170002F033 /* Base */ = {isa = PBXFileReference; lastKnownFileType = file.storyboard; name = Base; path = Base.lproj/Main.storyboard; sourceTree = "<group>"; };
		8996871C2BBEEC170002F033 /* ShoppingApp.xcdatamodel */ = {isa = PBXFileReference; lastKnownFileType = wrapper.xcdatamodel; path = ShoppingApp.xcdatamodel; sourceTree = "<group>"; };
		8996871E2BBEEC190002F033 /* Assets.xcassets */ = {isa = PBXFileReference; lastKnownFileType = folder.assetcatalog; path = Assets.xcassets; sourceTree = "<group>"; };
		899687212BBEEC190002F033 /* Base */ = {isa = PBXFileReference; lastKnownFileType = file.storyboard; name = Base; path = Base.lproj/LaunchScreen.storyboard; sourceTree = "<group>"; };
		899687232BBEEC190002F033 /* Info.plist */ = {isa = PBXFileReference; lastKnownFileType = text.plist.xml; path = Info.plist; sourceTree = "<group>"; };
		899687282BBEEC190002F033 /* ShoppingAppTests.xctest */ = {isa = PBXFileReference; explicitFileType = wrapper.cfbundle; includeInIndex = 0; path = ShoppingAppTests.xctest; sourceTree = BUILT_PRODUCTS_DIR; };
		8996872C2BBEEC190002F033 /* ShoppingAppTests.swift */ = {isa = PBXFileReference; lastKnownFileType = sourcecode.swift; path = ShoppingAppTests.swift; sourceTree = "<group>"; };
		899687322BBEEC190002F033 /* ShoppingAppUITests.xctest */ = {isa = PBXFileReference; explicitFileType = wrapper.cfbundle; includeInIndex = 0; path = ShoppingAppUITests.xctest; sourceTree = BUILT_PRODUCTS_DIR; };
		899687362BBEEC190002F033 /* ShoppingAppUITests.swift */ = {isa = PBXFileReference; lastKnownFileType = sourcecode.swift; path = ShoppingAppUITests.swift; sourceTree = "<group>"; };
		899687382BBEEC190002F033 /* ShoppingAppUITestsLaunchTests.swift */ = {isa = PBXFileReference; lastKnownFileType = sourcecode.swift; path = ShoppingAppUITestsLaunchTests.swift; sourceTree = "<group>"; };
		8996874E2BBF21F90002F033 /* ProductListPresenter.swift */ = {isa = PBXFileReference; lastKnownFileType = sourcecode.swift; path = ProductListPresenter.swift; sourceTree = "<group>"; };
		899687502BBF221D0002F033 /* ProductListInteractor.swift */ = {isa = PBXFileReference; lastKnownFileType = sourcecode.swift; path = ProductListInteractor.swift; sourceTree = "<group>"; };
		899687522BBF22340002F033 /* ProductListRouter.swift */ = {isa = PBXFileReference; lastKnownFileType = sourcecode.swift; path = ProductListRouter.swift; sourceTree = "<group>"; };
		899687542BBF22490002F033 /* ProductModel.swift */ = {isa = PBXFileReference; lastKnownFileType = sourcecode.swift; path = ProductModel.swift; sourceTree = "<group>"; };
		899687562BBF225E0002F033 /* ProductListProtocol.swift */ = {isa = PBXFileReference; lastKnownFileType = sourcecode.swift; path = ProductListProtocol.swift; sourceTree = "<group>"; };
		899687582BBF25E50002F033 /* ProductListViewController.swift */ = {isa = PBXFileReference; lastKnownFileType = sourcecode.swift; path = ProductListViewController.swift; sourceTree = "<group>"; };
		8996875B2BC5815E0002F033 /* ProductDetailsPresenter.swift */ = {isa = PBXFileReference; lastKnownFileType = sourcecode.swift; path = ProductDetailsPresenter.swift; sourceTree = "<group>"; };
		8996875D2BC5817B0002F033 /* ProductDetailsInteractor.swift */ = {isa = PBXFileReference; lastKnownFileType = sourcecode.swift; path = ProductDetailsInteractor.swift; sourceTree = "<group>"; };
		8996875F2BC581A00002F033 /* ProductDetailsViewController.swift */ = {isa = PBXFileReference; lastKnownFileType = sourcecode.swift; path = ProductDetailsViewController.swift; sourceTree = "<group>"; };
		899687612BC581B10002F033 /* ProductDetailsRouter.swift */ = {isa = PBXFileReference; lastKnownFileType = sourcecode.swift; path = ProductDetailsRouter.swift; sourceTree = "<group>"; };
		899687632BC581D70002F033 /* ProductDetailsProtocol.swift */ = {isa = PBXFileReference; lastKnownFileType = sourcecode.swift; path = ProductDetailsProtocol.swift; sourceTree = "<group>"; };
		899687662BC5821D0002F033 /* CartPresenter.swift */ = {isa = PBXFileReference; lastKnownFileType = sourcecode.swift; path = CartPresenter.swift; sourceTree = "<group>"; };
		899687682BC5824F0002F033 /* CartInteractor.swift */ = {isa = PBXFileReference; lastKnownFileType = sourcecode.swift; path = CartInteractor.swift; sourceTree = "<group>"; };
		8996876A2BC5825B0002F033 /* CartRouter.swift */ = {isa = PBXFileReference; lastKnownFileType = sourcecode.swift; path = CartRouter.swift; sourceTree = "<group>"; };
		8996876C2BC582830002F033 /* CartProtocol.swift */ = {isa = PBXFileReference; lastKnownFileType = sourcecode.swift; path = CartProtocol.swift; sourceTree = "<group>"; };
		8996876E2BC582930002F033 /* CartViewController.swift */ = {isa = PBXFileReference; lastKnownFileType = sourcecode.swift; path = CartViewController.swift; sourceTree = "<group>"; };
		899687732BC595830002F033 /* ClientAPIManager.swift */ = {isa = PBXFileReference; fileEncoding = 4; lastKnownFileType = sourcecode.swift; path = ClientAPIManager.swift; sourceTree = "<group>"; };
		899687752BC595DA0002F033 /* NetworkManager.swift */ = {isa = PBXFileReference; fileEncoding = 4; lastKnownFileType = sourcecode.swift; path = NetworkManager.swift; sourceTree = "<group>"; };
		899687782BC596D40002F033 /* Constants.swift */ = {isa = PBXFileReference; lastKnownFileType = sourcecode.swift; path = Constants.swift; sourceTree = "<group>"; };
		89B024C12BC5D17C00DFF790 /* ProductListTableViewCell.swift */ = {isa = PBXFileReference; lastKnownFileType = sourcecode.swift; path = ProductListTableViewCell.swift; sourceTree = "<group>"; };
		89B024C42BC9623100DFF790 /* ProductImagesCollectionViewCell.swift */ = {isa = PBXFileReference; lastKnownFileType = sourcecode.swift; path = ProductImagesCollectionViewCell.swift; sourceTree = "<group>"; };
		89B024C82BC97ABB00DFF790 /* UIViewExtension.swift */ = {isa = PBXFileReference; lastKnownFileType = sourcecode.swift; path = UIViewExtension.swift; sourceTree = "<group>"; };
		89B025112BC996EC00DFF790 /* StorageManager.swift */ = {isa = PBXFileReference; fileEncoding = 4; lastKnownFileType = sourcecode.swift; path = StorageManager.swift; sourceTree = "<group>"; };
		89B025122BC996EC00DFF790 /* DatabaseManager.swift */ = {isa = PBXFileReference; fileEncoding = 4; lastKnownFileType = sourcecode.swift; path = DatabaseManager.swift; sourceTree = "<group>"; };
		89B025182BC99C6400DFF790 /* UIViewControllerExtension.swift */ = {isa = PBXFileReference; lastKnownFileType = sourcecode.swift; path = UIViewControllerExtension.swift; sourceTree = "<group>"; };
/* End PBXFileReference section */

/* Begin PBXFrameworksBuildPhase section */
		8996870C2BBEEC170002F033 /* Frameworks */ = {
			isa = PBXFrameworksBuildPhase;
			buildActionMask = 2147483647;
			files = (
			);
			runOnlyForDeploymentPostprocessing = 0;
		};
		899687252BBEEC190002F033 /* Frameworks */ = {
			isa = PBXFrameworksBuildPhase;
			buildActionMask = 2147483647;
			files = (
			);
			runOnlyForDeploymentPostprocessing = 0;
		};
		8996872F2BBEEC190002F033 /* Frameworks */ = {
			isa = PBXFrameworksBuildPhase;
			buildActionMask = 2147483647;
			files = (
			);
			runOnlyForDeploymentPostprocessing = 0;
		};
/* End PBXFrameworksBuildPhase section */

/* Begin PBXGroup section */
		8912CA6A2BCA7A140013B1D2 /* CustomView */ = {
			isa = PBXGroup;
			children = (
				8912CA6B2BCA7A3C0013B1D2 /* CartTableViewCell.swift */,
			);
			path = CustomView;
			sourceTree = "<group>";
		};
		8912CA6D2BCAF97A0013B1D2 /* CartMock */ = {
			isa = PBXGroup;
			children = (
			);
			path = CartMock;
			sourceTree = "<group>";
		};
		8912CA702BCAFB2E0013B1D2 /* MockProductList */ = {
			isa = PBXGroup;
			children = (
			);
			path = MockProductList;
			sourceTree = "<group>";
		};
		8912CA732BCAFE010013B1D2 /*  MockClientAPIManager */ = {
			isa = PBXGroup;
			children = (
				8912CA742BCAFE420013B1D2 /* MockClientAPIManager.swift */,
			);
			path = " MockClientAPIManager";
			sourceTree = "<group>";
		};
		8912CA782BCB04B60013B1D2 /* MocKData */ = {
			isa = PBXGroup;
			children = (
				8912CA7B2BCB053E0013B1D2 /* MockProductList.json */,
			);
			path = MocKData;
			sourceTree = "<group>";
		};
		899687062BBEEC170002F033 = {
			isa = PBXGroup;
			children = (
				899687112BBEEC170002F033 /* ShoppingApp */,
				8996872B2BBEEC190002F033 /* ShoppingAppTests */,
				899687352BBEEC190002F033 /* ShoppingAppUITests */,
				899687102BBEEC170002F033 /* Products */,
			);
			sourceTree = "<group>";
		};
		899687102BBEEC170002F033 /* Products */ = {
			isa = PBXGroup;
			children = (
				8996870F2BBEEC170002F033 /* ShoppingApp.app */,
				899687282BBEEC190002F033 /* ShoppingAppTests.xctest */,
				899687322BBEEC190002F033 /* ShoppingAppUITests.xctest */,
			);
			name = Products;
			sourceTree = "<group>";
		};
		899687112BBEEC170002F033 /* ShoppingApp */ = {
			isa = PBXGroup;
			children = (
				899687492BBEFE6F0002F033 /* AppSettings */,
				89B025102BC996EC00DFF790 /* Storage */,
				899687702BC595430002F033 /* Network */,
				8996874B2BBEFE8F0002F033 /* AppUi */,
				899687482BBEFE350002F033 /* AppAssets */,
				899687462BBEEFE20002F033 /* CommonUtils */,
				899687452BBEEF570002F033 /* AppModules */,
			);
			path = ShoppingApp;
			sourceTree = "<group>";
		};
		8996872B2BBEEC190002F033 /* ShoppingAppTests */ = {
			isa = PBXGroup;
			children = (
				8996872C2BBEEC190002F033 /* ShoppingAppTests.swift */,
				899014CB2BCBB34E00EE234F /* DatabaseManagerTest.swift */,
				899014CE2BCC331600EE234F /* ProductListViewPresenterTests.swift */,
				8912CA712BCAFC720013B1D2 /* ProductListInteractorTests.swift */,
			);
			path = ShoppingAppTests;
			sourceTree = "<group>";
		};
		899687352BBEEC190002F033 /* ShoppingAppUITests */ = {
			isa = PBXGroup;
			children = (
				899687362BBEEC190002F033 /* ShoppingAppUITests.swift */,
				899687382BBEEC190002F033 /* ShoppingAppUITestsLaunchTests.swift */,
			);
			path = ShoppingAppUITests;
			sourceTree = "<group>";
		};
		899687452BBEEF570002F033 /* AppModules */ = {
			isa = PBXGroup;
			children = (
				899687652BC582070002F033 /* CartView */,
				8996875A2BC580540002F033 /* ProductDetails */,
				899687472BBEF0190002F033 /* ProductList */,
			);
			path = AppModules;
			sourceTree = "<group>";
		};
		899687462BBEEFE20002F033 /* CommonUtils */ = {
			isa = PBXGroup;
			children = (
				899687782BC596D40002F033 /* Constants.swift */,
				89B024C82BC97ABB00DFF790 /* UIViewExtension.swift */,
				89B025182BC99C6400DFF790 /* UIViewControllerExtension.swift */,
			);
			path = CommonUtils;
			sourceTree = "<group>";
		};
		899687472BBEF0190002F033 /* ProductList */ = {
			isa = PBXGroup;
			children = (
				8912CA702BCAFB2E0013B1D2 /* MockProductList */,
				89B024C02BC5D14E00DFF790 /* CustomViews */,
				8996874E2BBF21F90002F033 /* ProductListPresenter.swift */,
				899687502BBF221D0002F033 /* ProductListInteractor.swift */,
				899687582BBF25E50002F033 /* ProductListViewController.swift */,
				899687522BBF22340002F033 /* ProductListRouter.swift */,
				899687562BBF225E0002F033 /* ProductListProtocol.swift */,
				899687542BBF22490002F033 /* ProductModel.swift */,
			);
			path = ProductList;
			sourceTree = "<group>";
		};
		899687482BBEFE350002F033 /* AppAssets */ = {
			isa = PBXGroup;
			children = (
				8996871E2BBEEC190002F033 /* Assets.xcassets */,
				8912CA782BCB04B60013B1D2 /* MocKData */,
				899687232BBEEC190002F033 /* Info.plist */,
			);
			path = AppAssets;
			sourceTree = "<group>";
		};
		899687492BBEFE6F0002F033 /* AppSettings */ = {
			isa = PBXGroup;
			children = (
				899687122BBEEC170002F033 /* AppDelegate.swift */,
				899687142BBEEC170002F033 /* SceneDelegate.swift */,
			);
			path = AppSettings;
			sourceTree = "<group>";
		};
		8996874B2BBEFE8F0002F033 /* AppUi */ = {
			isa = PBXGroup;
			children = (
				899687202BBEEC190002F033 /* LaunchScreen.storyboard */,
				899687182BBEEC170002F033 /* Main.storyboard */,
			);
			path = AppUi;
			sourceTree = "<group>";
		};
		8996875A2BC580540002F033 /* ProductDetails */ = {
			isa = PBXGroup;
			children = (
				89B024C32BC961FD00DFF790 /* CustomViews */,
				8996875B2BC5815E0002F033 /* ProductDetailsPresenter.swift */,
				8996875D2BC5817B0002F033 /* ProductDetailsInteractor.swift */,
				899687612BC581B10002F033 /* ProductDetailsRouter.swift */,
				899687632BC581D70002F033 /* ProductDetailsProtocol.swift */,
				8996875F2BC581A00002F033 /* ProductDetailsViewController.swift */,
			);
			path = ProductDetails;
			sourceTree = "<group>";
		};
		899687652BC582070002F033 /* CartView */ = {
			isa = PBXGroup;
			children = (
				8912CA6D2BCAF97A0013B1D2 /* CartMock */,
				8912CA6A2BCA7A140013B1D2 /* CustomView */,
				899687662BC5821D0002F033 /* CartPresenter.swift */,
				899687682BC5824F0002F033 /* CartInteractor.swift */,
				8996876A2BC5825B0002F033 /* CartRouter.swift */,
				8996876C2BC582830002F033 /* CartProtocol.swift */,
				8996876E2BC582930002F033 /* CartViewController.swift */,
			);
			path = CartView;
			sourceTree = "<group>";
		};
		899687702BC595430002F033 /* Network */ = {
			isa = PBXGroup;
			children = (
				899687732BC595830002F033 /* ClientAPIManager.swift */,
				8912CA762BCB01290013B1D2 /* NetworkServices.swift */,
				8912CA732BCAFE010013B1D2 /*  MockClientAPIManager */,
				899687752BC595DA0002F033 /* NetworkManager.swift */,
			);
			path = Network;
			sourceTree = "<group>";
		};
		89B024C02BC5D14E00DFF790 /* CustomViews */ = {
			isa = PBXGroup;
			children = (
				89B024C12BC5D17C00DFF790 /* ProductListTableViewCell.swift */,
			);
			path = CustomViews;
			sourceTree = "<group>";
		};
		89B024C32BC961FD00DFF790 /* CustomViews */ = {
			isa = PBXGroup;
			children = (
				89B024C42BC9623100DFF790 /* ProductImagesCollectionViewCell.swift */,
			);
			path = CustomViews;
			sourceTree = "<group>";
		};
		89B025102BC996EC00DFF790 /* Storage */ = {
			isa = PBXGroup;
			children = (
				8996871B2BBEEC170002F033 /* ShoppingApp.xcdatamodeld */,
				89B025112BC996EC00DFF790 /* StorageManager.swift */,
				89B025122BC996EC00DFF790 /* DatabaseManager.swift */,
			);
			path = Storage;
			sourceTree = "<group>";
		};
/* End PBXGroup section */

/* Begin PBXNativeTarget section */
		8996870E2BBEEC170002F033 /* ShoppingApp */ = {
			isa = PBXNativeTarget;
			buildConfigurationList = 8996873C2BBEEC190002F033 /* Build configuration list for PBXNativeTarget "ShoppingApp" */;
			buildPhases = (
				8996870B2BBEEC170002F033 /* Sources */,
				8996870C2BBEEC170002F033 /* Frameworks */,
				8996870D2BBEEC170002F033 /* Resources */,
			);
			buildRules = (
			);
			dependencies = (
			);
			name = ShoppingApp;
			productName = ShoppingApp;
			productReference = 8996870F2BBEEC170002F033 /* ShoppingApp.app */;
			productType = "com.apple.product-type.application";
		};
		899687272BBEEC190002F033 /* ShoppingAppTests */ = {
			isa = PBXNativeTarget;
			buildConfigurationList = 8996873F2BBEEC190002F033 /* Build configuration list for PBXNativeTarget "ShoppingAppTests" */;
			buildPhases = (
				899687242BBEEC190002F033 /* Sources */,
				899687252BBEEC190002F033 /* Frameworks */,
				899687262BBEEC190002F033 /* Resources */,
			);
			buildRules = (
			);
			dependencies = (
				8996872A2BBEEC190002F033 /* PBXTargetDependency */,
			);
			name = ShoppingAppTests;
			productName = ShoppingAppTests;
			productReference = 899687282BBEEC190002F033 /* ShoppingAppTests.xctest */;
			productType = "com.apple.product-type.bundle.unit-test";
		};
		899687312BBEEC190002F033 /* ShoppingAppUITests */ = {
			isa = PBXNativeTarget;
			buildConfigurationList = 899687422BBEEC190002F033 /* Build configuration list for PBXNativeTarget "ShoppingAppUITests" */;
			buildPhases = (
				8996872E2BBEEC190002F033 /* Sources */,
				8996872F2BBEEC190002F033 /* Frameworks */,
				899687302BBEEC190002F033 /* Resources */,
			);
			buildRules = (
			);
			dependencies = (
				899687342BBEEC190002F033 /* PBXTargetDependency */,
			);
			name = ShoppingAppUITests;
			productName = ShoppingAppUITests;
			productReference = 899687322BBEEC190002F033 /* ShoppingAppUITests.xctest */;
			productType = "com.apple.product-type.bundle.ui-testing";
		};
/* End PBXNativeTarget section */

/* Begin PBXProject section */
		899687072BBEEC170002F033 /* Project object */ = {
			isa = PBXProject;
			attributes = {
				BuildIndependentTargetsInParallel = 1;
				LastSwiftUpdateCheck = 1410;
				LastUpgradeCheck = 1410;
				TargetAttributes = {
					8996870E2BBEEC170002F033 = {
						CreatedOnToolsVersion = 14.1;
					};
					899687272BBEEC190002F033 = {
						CreatedOnToolsVersion = 14.1;
						TestTargetID = 8996870E2BBEEC170002F033;
					};
					899687312BBEEC190002F033 = {
						CreatedOnToolsVersion = 14.1;
						TestTargetID = 8996870E2BBEEC170002F033;
					};
				};
			};
			buildConfigurationList = 8996870A2BBEEC170002F033 /* Build configuration list for PBXProject "ShoppingApp" */;
			compatibilityVersion = "Xcode 14.0";
			developmentRegion = en;
			hasScannedForEncodings = 0;
			knownRegions = (
				en,
				Base,
			);
			mainGroup = 899687062BBEEC170002F033;
			productRefGroup = 899687102BBEEC170002F033 /* Products */;
			projectDirPath = "";
			projectRoot = "";
			targets = (
				8996870E2BBEEC170002F033 /* ShoppingApp */,
				899687272BBEEC190002F033 /* ShoppingAppTests */,
				899687312BBEEC190002F033 /* ShoppingAppUITests */,
			);
		};
/* End PBXProject section */

/* Begin PBXResourcesBuildPhase section */
		8996870D2BBEEC170002F033 /* Resources */ = {
			isa = PBXResourcesBuildPhase;
			buildActionMask = 2147483647;
			files = (
				899687222BBEEC190002F033 /* LaunchScreen.storyboard in Resources */,
				8996871F2BBEEC190002F033 /* Assets.xcassets in Resources */,
				8996871A2BBEEC170002F033 /* Main.storyboard in Resources */,
				8912CA7C2BCB053F0013B1D2 /* MockProductList.json in Resources */,
			);
			runOnlyForDeploymentPostprocessing = 0;
		};
		899687262BBEEC190002F033 /* Resources */ = {
			isa = PBXResourcesBuildPhase;
			buildActionMask = 2147483647;
			files = (
			);
			runOnlyForDeploymentPostprocessing = 0;
		};
		899687302BBEEC190002F033 /* Resources */ = {
			isa = PBXResourcesBuildPhase;
			buildActionMask = 2147483647;
			files = (
			);
			runOnlyForDeploymentPostprocessing = 0;
		};
/* End PBXResourcesBuildPhase section */

/* Begin PBXSourcesBuildPhase section */
		8996870B2BBEEC170002F033 /* Sources */ = {
			isa = PBXSourcesBuildPhase;
			buildActionMask = 2147483647;
			files = (
				899687672BC5821D0002F033 /* CartPresenter.swift in Sources */,
				8996876D2BC582830002F033 /* CartProtocol.swift in Sources */,
				8912CA6C2BCA7A3C0013B1D2 /* CartTableViewCell.swift in Sources */,
				899687532BBF22340002F033 /* ProductListRouter.swift in Sources */,
				8996876B2BC5825B0002F033 /* CartRouter.swift in Sources */,
				899687762BC595DA0002F033 /* NetworkManager.swift in Sources */,
				899687572BBF225E0002F033 /* ProductListProtocol.swift in Sources */,
				899687792BC596D40002F033 /* Constants.swift in Sources */,
				899687592BBF25E50002F033 /* ProductListViewController.swift in Sources */,
				8912CA752BCAFE420013B1D2 /* MockClientAPIManager.swift in Sources */,
				899687742BC595830002F033 /* ClientAPIManager.swift in Sources */,
				899687692BC5824F0002F033 /* CartInteractor.swift in Sources */,
				89B025162BC996EC00DFF790 /* DatabaseManager.swift in Sources */,
				899687512BBF221D0002F033 /* ProductListInteractor.swift in Sources */,
				89B025192BC99C6400DFF790 /* UIViewControllerExtension.swift in Sources */,
				8996871D2BBEEC170002F033 /* ShoppingApp.xcdatamodeld in Sources */,
				8996875C2BC5815E0002F033 /* ProductDetailsPresenter.swift in Sources */,
				8996875E2BC5817B0002F033 /* ProductDetailsInteractor.swift in Sources */,
				8996876F2BC582930002F033 /* CartViewController.swift in Sources */,
				899687552BBF22490002F033 /* ProductModel.swift in Sources */,
				89B024C22BC5D17C00DFF790 /* ProductListTableViewCell.swift in Sources */,
				899687642BC581D70002F033 /* ProductDetailsProtocol.swift in Sources */,
				899687602BC581A00002F033 /* ProductDetailsViewController.swift in Sources */,
				899687132BBEEC170002F033 /* AppDelegate.swift in Sources */,
				89B024C92BC97ABB00DFF790 /* UIViewExtension.swift in Sources */,
				8996874F2BBF21F90002F033 /* ProductListPresenter.swift in Sources */,
				899687152BBEEC170002F033 /* SceneDelegate.swift in Sources */,
				89B024C52BC9623100DFF790 /* ProductImagesCollectionViewCell.swift in Sources */,
				899687622BC581B10002F033 /* ProductDetailsRouter.swift in Sources */,
				8912CA772BCB01290013B1D2 /* NetworkServices.swift in Sources */,
				89B025152BC996EC00DFF790 /* StorageManager.swift in Sources */,
			);
			runOnlyForDeploymentPostprocessing = 0;
		};
		899687242BBEEC190002F033 /* Sources */ = {
			isa = PBXSourcesBuildPhase;
			buildActionMask = 2147483647;
			files = (
				899014CC2BCBB34E00EE234F /* DatabaseManagerTest.swift in Sources */,
				899014CD2BCBB8CB00EE234F /* ShoppingApp.xcdatamodeld in Sources */,
				8912CA722BCAFC720013B1D2 /* ProductListInteractorTests.swift in Sources */,
				899014CF2BCC331600EE234F /* ProductListViewPresenterTests.swift in Sources */,
				8996872D2BBEEC190002F033 /* ShoppingAppTests.swift in Sources */,
			);
			runOnlyForDeploymentPostprocessing = 0;
		};
		8996872E2BBEEC190002F033 /* Sources */ = {
			isa = PBXSourcesBuildPhase;
			buildActionMask = 2147483647;
			files = (
				899687392BBEEC190002F033 /* ShoppingAppUITestsLaunchTests.swift in Sources */,
				899687372BBEEC190002F033 /* ShoppingAppUITests.swift in Sources */,
			);
			runOnlyForDeploymentPostprocessing = 0;
		};
/* End PBXSourcesBuildPhase section */

/* Begin PBXTargetDependency section */
		8996872A2BBEEC190002F033 /* PBXTargetDependency */ = {
			isa = PBXTargetDependency;
			target = 8996870E2BBEEC170002F033 /* ShoppingApp */;
			targetProxy = 899687292BBEEC190002F033 /* PBXContainerItemProxy */;
		};
		899687342BBEEC190002F033 /* PBXTargetDependency */ = {
			isa = PBXTargetDependency;
			target = 8996870E2BBEEC170002F033 /* ShoppingApp */;
			targetProxy = 899687332BBEEC190002F033 /* PBXContainerItemProxy */;
		};
/* End PBXTargetDependency section */

/* Begin PBXVariantGroup section */
		899687182BBEEC170002F033 /* Main.storyboard */ = {
			isa = PBXVariantGroup;
			children = (
				899687192BBEEC170002F033 /* Base */,
			);
			name = Main.storyboard;
			sourceTree = "<group>";
		};
		899687202BBEEC190002F033 /* LaunchScreen.storyboard */ = {
			isa = PBXVariantGroup;
			children = (
				899687212BBEEC190002F033 /* Base */,
			);
			name = LaunchScreen.storyboard;
			sourceTree = "<group>";
		};
/* End PBXVariantGroup section */

/* Begin XCBuildConfiguration section */
		8996873A2BBEEC190002F033 /* Debug */ = {
			isa = XCBuildConfiguration;
			buildSettings = {
				ALWAYS_SEARCH_USER_PATHS = NO;
				CLANG_ANALYZER_NONNULL = YES;
				CLANG_ANALYZER_NUMBER_OBJECT_CONVERSION = YES_AGGRESSIVE;
				CLANG_CXX_LANGUAGE_STANDARD = "gnu++20";
				CLANG_ENABLE_MODULES = YES;
				CLANG_ENABLE_OBJC_ARC = YES;
				CLANG_ENABLE_OBJC_WEAK = YES;
				CLANG_WARN_BLOCK_CAPTURE_AUTORELEASING = YES;
				CLANG_WARN_BOOL_CONVERSION = YES;
				CLANG_WARN_COMMA = YES;
				CLANG_WARN_CONSTANT_CONVERSION = YES;
				CLANG_WARN_DEPRECATED_OBJC_IMPLEMENTATIONS = YES;
				CLANG_WARN_DIRECT_OBJC_ISA_USAGE = YES_ERROR;
				CLANG_WARN_DOCUMENTATION_COMMENTS = YES;
				CLANG_WARN_EMPTY_BODY = YES;
				CLANG_WARN_ENUM_CONVERSION = YES;
				CLANG_WARN_INFINITE_RECURSION = YES;
				CLANG_WARN_INT_CONVERSION = YES;
				CLANG_WARN_NON_LITERAL_NULL_CONVERSION = YES;
				CLANG_WARN_OBJC_IMPLICIT_RETAIN_SELF = YES;
				CLANG_WARN_OBJC_LITERAL_CONVERSION = YES;
				CLANG_WARN_OBJC_ROOT_CLASS = YES_ERROR;
				CLANG_WARN_QUOTED_INCLUDE_IN_FRAMEWORK_HEADER = YES;
				CLANG_WARN_RANGE_LOOP_ANALYSIS = YES;
				CLANG_WARN_STRICT_PROTOTYPES = YES;
				CLANG_WARN_SUSPICIOUS_MOVE = YES;
				CLANG_WARN_UNGUARDED_AVAILABILITY = YES_AGGRESSIVE;
				CLANG_WARN_UNREACHABLE_CODE = YES;
				CLANG_WARN__DUPLICATE_METHOD_MATCH = YES;
				COPY_PHASE_STRIP = NO;
				DEBUG_INFORMATION_FORMAT = dwarf;
				ENABLE_STRICT_OBJC_MSGSEND = YES;
				ENABLE_TESTABILITY = YES;
				GCC_C_LANGUAGE_STANDARD = gnu11;
				GCC_DYNAMIC_NO_PIC = NO;
				GCC_NO_COMMON_BLOCKS = YES;
				GCC_OPTIMIZATION_LEVEL = 0;
				GCC_PREPROCESSOR_DEFINITIONS = (
					"DEBUG=1",
					"$(inherited)",
				);
				GCC_WARN_64_TO_32_BIT_CONVERSION = YES;
				GCC_WARN_ABOUT_RETURN_TYPE = YES_ERROR;
				GCC_WARN_UNDECLARED_SELECTOR = YES;
				GCC_WARN_UNINITIALIZED_AUTOS = YES_AGGRESSIVE;
				GCC_WARN_UNUSED_FUNCTION = YES;
				GCC_WARN_UNUSED_VARIABLE = YES;
				IPHONEOS_DEPLOYMENT_TARGET = 16.1;
				MTL_ENABLE_DEBUG_INFO = INCLUDE_SOURCE;
				MTL_FAST_MATH = YES;
				ONLY_ACTIVE_ARCH = YES;
				SDKROOT = iphoneos;
				SWIFT_ACTIVE_COMPILATION_CONDITIONS = DEBUG;
				SWIFT_OPTIMIZATION_LEVEL = "-Onone";
			};
			name = Debug;
		};
		8996873B2BBEEC190002F033 /* Release */ = {
			isa = XCBuildConfiguration;
			buildSettings = {
				ALWAYS_SEARCH_USER_PATHS = NO;
				CLANG_ANALYZER_NONNULL = YES;
				CLANG_ANALYZER_NUMBER_OBJECT_CONVERSION = YES_AGGRESSIVE;
				CLANG_CXX_LANGUAGE_STANDARD = "gnu++20";
				CLANG_ENABLE_MODULES = YES;
				CLANG_ENABLE_OBJC_ARC = YES;
				CLANG_ENABLE_OBJC_WEAK = YES;
				CLANG_WARN_BLOCK_CAPTURE_AUTORELEASING = YES;
				CLANG_WARN_BOOL_CONVERSION = YES;
				CLANG_WARN_COMMA = YES;
				CLANG_WARN_CONSTANT_CONVERSION = YES;
				CLANG_WARN_DEPRECATED_OBJC_IMPLEMENTATIONS = YES;
				CLANG_WARN_DIRECT_OBJC_ISA_USAGE = YES_ERROR;
				CLANG_WARN_DOCUMENTATION_COMMENTS = YES;
				CLANG_WARN_EMPTY_BODY = YES;
				CLANG_WARN_ENUM_CONVERSION = YES;
				CLANG_WARN_INFINITE_RECURSION = YES;
				CLANG_WARN_INT_CONVERSION = YES;
				CLANG_WARN_NON_LITERAL_NULL_CONVERSION = YES;
				CLANG_WARN_OBJC_IMPLICIT_RETAIN_SELF = YES;
				CLANG_WARN_OBJC_LITERAL_CONVERSION = YES;
				CLANG_WARN_OBJC_ROOT_CLASS = YES_ERROR;
				CLANG_WARN_QUOTED_INCLUDE_IN_FRAMEWORK_HEADER = YES;
				CLANG_WARN_RANGE_LOOP_ANALYSIS = YES;
				CLANG_WARN_STRICT_PROTOTYPES = YES;
				CLANG_WARN_SUSPICIOUS_MOVE = YES;
				CLANG_WARN_UNGUARDED_AVAILABILITY = YES_AGGRESSIVE;
				CLANG_WARN_UNREACHABLE_CODE = YES;
				CLANG_WARN__DUPLICATE_METHOD_MATCH = YES;
				COPY_PHASE_STRIP = NO;
				DEBUG_INFORMATION_FORMAT = "dwarf-with-dsym";
				ENABLE_NS_ASSERTIONS = NO;
				ENABLE_STRICT_OBJC_MSGSEND = YES;
				GCC_C_LANGUAGE_STANDARD = gnu11;
				GCC_NO_COMMON_BLOCKS = YES;
				GCC_WARN_64_TO_32_BIT_CONVERSION = YES;
				GCC_WARN_ABOUT_RETURN_TYPE = YES_ERROR;
				GCC_WARN_UNDECLARED_SELECTOR = YES;
				GCC_WARN_UNINITIALIZED_AUTOS = YES_AGGRESSIVE;
				GCC_WARN_UNUSED_FUNCTION = YES;
				GCC_WARN_UNUSED_VARIABLE = YES;
				IPHONEOS_DEPLOYMENT_TARGET = 16.1;
				MTL_ENABLE_DEBUG_INFO = NO;
				MTL_FAST_MATH = YES;
				SDKROOT = iphoneos;
				SWIFT_COMPILATION_MODE = wholemodule;
				SWIFT_OPTIMIZATION_LEVEL = "-O";
				VALIDATE_PRODUCT = YES;
			};
			name = Release;
		};
		8996873D2BBEEC190002F033 /* Debug */ = {
			isa = XCBuildConfiguration;
			buildSettings = {
				ASSETCATALOG_COMPILER_APPICON_NAME = AppIcon;
				ASSETCATALOG_COMPILER_GLOBAL_ACCENT_COLOR_NAME = AccentColor;
				CODE_SIGN_STYLE = Automatic;
				CURRENT_PROJECT_VERSION = 1;
				GENERATE_INFOPLIST_FILE = YES;
				INFOPLIST_FILE = ShoppingApp/AppAssets/Info.plist;
				INFOPLIST_KEY_UIApplicationSupportsIndirectInputEvents = YES;
				INFOPLIST_KEY_UILaunchStoryboardName = "";
				INFOPLIST_KEY_UIMainStoryboardFile = Main;
				INFOPLIST_KEY_UISupportedInterfaceOrientations_iPad = "UIInterfaceOrientationPortrait UIInterfaceOrientationPortraitUpsideDown UIInterfaceOrientationLandscapeLeft UIInterfaceOrientationLandscapeRight";
				INFOPLIST_KEY_UISupportedInterfaceOrientations_iPhone = "UIInterfaceOrientationPortrait UIInterfaceOrientationLandscapeLeft UIInterfaceOrientationLandscapeRight";
				LD_RUNPATH_SEARCH_PATHS = (
					"$(inherited)",
					"@executable_path/Frameworks",
				);
				MARKETING_VERSION = 1.0;
				PRODUCT_BUNDLE_IDENTIFIER = com.nirav.ShoppingApp;
				PRODUCT_NAME = "$(TARGET_NAME)";
				SWIFT_EMIT_LOC_STRINGS = YES;
				SWIFT_VERSION = 5.0;
				TARGETED_DEVICE_FAMILY = "1,2";
			};
			name = Debug;
		};
		8996873E2BBEEC190002F033 /* Release */ = {
			isa = XCBuildConfiguration;
			buildSettings = {
				ASSETCATALOG_COMPILER_APPICON_NAME = AppIcon;
				ASSETCATALOG_COMPILER_GLOBAL_ACCENT_COLOR_NAME = AccentColor;
				CODE_SIGN_STYLE = Automatic;
				CURRENT_PROJECT_VERSION = 1;
				GENERATE_INFOPLIST_FILE = YES;
				INFOPLIST_FILE = ShoppingApp/AppAssets/Info.plist;
				INFOPLIST_KEY_UIApplicationSupportsIndirectInputEvents = YES;
				INFOPLIST_KEY_UILaunchStoryboardName = "";
				INFOPLIST_KEY_UIMainStoryboardFile = Main;
				INFOPLIST_KEY_UISupportedInterfaceOrientations_iPad = "UIInterfaceOrientationPortrait UIInterfaceOrientationPortraitUpsideDown UIInterfaceOrientationLandscapeLeft UIInterfaceOrientationLandscapeRight";
				INFOPLIST_KEY_UISupportedInterfaceOrientations_iPhone = "UIInterfaceOrientationPortrait UIInterfaceOrientationLandscapeLeft UIInterfaceOrientationLandscapeRight";
				LD_RUNPATH_SEARCH_PATHS = (
					"$(inherited)",
					"@executable_path/Frameworks",
				);
				MARKETING_VERSION = 1.0;
				PRODUCT_BUNDLE_IDENTIFIER = com.nirav.ShoppingApp;
				PRODUCT_NAME = "$(TARGET_NAME)";
				SWIFT_EMIT_LOC_STRINGS = YES;
				SWIFT_VERSION = 5.0;
				TARGETED_DEVICE_FAMILY = "1,2";
			};
			name = Release;
		};
		899687402BBEEC190002F033 /* Debug */ = {
			isa = XCBuildConfiguration;
			buildSettings = {
				ALWAYS_EMBED_SWIFT_STANDARD_LIBRARIES = YES;
				BUNDLE_LOADER = "$(TEST_HOST)";
				CODE_SIGN_STYLE = Automatic;
				CURRENT_PROJECT_VERSION = 1;
				GENERATE_INFOPLIST_FILE = YES;
				IPHONEOS_DEPLOYMENT_TARGET = 16.1;
				MARKETING_VERSION = 1.0;
				PRODUCT_BUNDLE_IDENTIFIER = com.nirav.ShoppingAppTests;
				PRODUCT_NAME = "$(TARGET_NAME)";
				SWIFT_ACTIVE_COMPILATION_CONDITIONS = DEBUG;
				SWIFT_EMIT_LOC_STRINGS = NO;
				SWIFT_VERSION = 5.0;
				TARGETED_DEVICE_FAMILY = "1,2";
				TEST_HOST = "$(BUILT_PRODUCTS_DIR)/ShoppingApp.app/$(BUNDLE_EXECUTABLE_FOLDER_PATH)/ShoppingApp";
			};
			name = Debug;
		};
		899687412BBEEC190002F033 /* Release */ = {
			isa = XCBuildConfiguration;
			buildSettings = {
				ALWAYS_EMBED_SWIFT_STANDARD_LIBRARIES = YES;
				BUNDLE_LOADER = "$(TEST_HOST)";
				CODE_SIGN_STYLE = Automatic;
				CURRENT_PROJECT_VERSION = 1;
				GENERATE_INFOPLIST_FILE = YES;
				IPHONEOS_DEPLOYMENT_TARGET = 16.1;
				MARKETING_VERSION = 1.0;
				PRODUCT_BUNDLE_IDENTIFIER = com.nirav.ShoppingAppTests;
				PRODUCT_NAME = "$(TARGET_NAME)";
				SWIFT_EMIT_LOC_STRINGS = NO;
				SWIFT_VERSION = 5.0;
				TARGETED_DEVICE_FAMILY = "1,2";
				TEST_HOST = "$(BUILT_PRODUCTS_DIR)/ShoppingApp.app/$(BUNDLE_EXECUTABLE_FOLDER_PATH)/ShoppingApp";
			};
			name = Release;
		};
		899687432BBEEC190002F033 /* Debug */ = {
			isa = XCBuildConfiguration;
			buildSettings = {
				ALWAYS_EMBED_SWIFT_STANDARD_LIBRARIES = YES;
				CODE_SIGN_STYLE = Automatic;
				CURRENT_PROJECT_VERSION = 1;
				GENERATE_INFOPLIST_FILE = YES;
				MARKETING_VERSION = 1.0;
				PRODUCT_BUNDLE_IDENTIFIER = com.nirav.ShoppingAppUITests;
				PRODUCT_NAME = "$(TARGET_NAME)";
				SWIFT_EMIT_LOC_STRINGS = NO;
				SWIFT_VERSION = 5.0;
				TARGETED_DEVICE_FAMILY = "1,2";
				TEST_TARGET_NAME = ShoppingApp;
			};
			name = Debug;
		};
		899687442BBEEC190002F033 /* Release */ = {
			isa = XCBuildConfiguration;
			buildSettings = {
				ALWAYS_EMBED_SWIFT_STANDARD_LIBRARIES = YES;
				CODE_SIGN_STYLE = Automatic;
				CURRENT_PROJECT_VERSION = 1;
				GENERATE_INFOPLIST_FILE = YES;
				MARKETING_VERSION = 1.0;
				PRODUCT_BUNDLE_IDENTIFIER = com.nirav.ShoppingAppUITests;
				PRODUCT_NAME = "$(TARGET_NAME)";
				SWIFT_EMIT_LOC_STRINGS = NO;
				SWIFT_VERSION = 5.0;
				TARGETED_DEVICE_FAMILY = "1,2";
				TEST_TARGET_NAME = ShoppingApp;
			};
			name = Release;
		};
/* End XCBuildConfiguration section */

/* Begin XCConfigurationList section */
		8996870A2BBEEC170002F033 /* Build configuration list for PBXProject "ShoppingApp" */ = {
			isa = XCConfigurationList;
			buildConfigurations = (
				8996873A2BBEEC190002F033 /* Debug */,
				8996873B2BBEEC190002F033 /* Release */,
			);
			defaultConfigurationIsVisible = 0;
			defaultConfigurationName = Release;
		};
		8996873C2BBEEC190002F033 /* Build configuration list for PBXNativeTarget "ShoppingApp" */ = {
			isa = XCConfigurationList;
			buildConfigurations = (
				8996873D2BBEEC190002F033 /* Debug */,
				8996873E2BBEEC190002F033 /* Release */,
			);
			defaultConfigurationIsVisible = 0;
			defaultConfigurationName = Release;
		};
		8996873F2BBEEC190002F033 /* Build configuration list for PBXNativeTarget "ShoppingAppTests" */ = {
			isa = XCConfigurationList;
			buildConfigurations = (
				899687402BBEEC190002F033 /* Debug */,
				899687412BBEEC190002F033 /* Release */,
			);
			defaultConfigurationIsVisible = 0;
			defaultConfigurationName = Release;
		};
		899687422BBEEC190002F033 /* Build configuration list for PBXNativeTarget "ShoppingAppUITests" */ = {
			isa = XCConfigurationList;
			buildConfigurations = (
				899687432BBEEC190002F033 /* Debug */,
				899687442BBEEC190002F033 /* Release */,
			);
			defaultConfigurationIsVisible = 0;
			defaultConfigurationName = Release;
		};
/* End XCConfigurationList section */

/* Begin XCVersionGroup section */
		8996871B2BBEEC170002F033 /* ShoppingApp.xcdatamodeld */ = {
			isa = XCVersionGroup;
			children = (
				8996871C2BBEEC170002F033 /* ShoppingApp.xcdatamodel */,
			);
			currentVersion = 8996871C2BBEEC170002F033 /* ShoppingApp.xcdatamodel */;
			path = ShoppingApp.xcdatamodeld;
			sourceTree = "<group>";
			versionGroupType = wrapper.xcdatamodel;
		};
/* End XCVersionGroup section */
	};
	rootObject = 899687072BBEEC170002F033 /* Project object */;
}
